
Microsoft Visual Studio Solution File, Format Version 12.00
# Visual Studio Version 17
VisualStudioVersion = 17.8.34330.188
MinimumVisualStudioVersion = 10.0.40219.1
Project("{FAE04EC0-301F-11D3-BF4B-00C04F79EFBC}") = "HomeWork 15.6", "HomeWork 15.6\HomeWork 15.6.csproj", "{8F982E8C-BF30-40A2-82A6-EA79D9A9807B}"
EndProject
Global
	GlobalSection(SolutionConfigurationPlatforms) = preSolution
		Debug|Any CPU = Debug|Any CPU
		Release|Any CPU = Release|Any CPU
	EndGlobalSection
	GlobalSection(ProjectConfigurationPlatforms) = postSolution
		{8F982E8C-BF30-40A2-82A6-EA79D9A9807B}.Debug|Any CPU.ActiveCfg = Debug|Any CPU
		{8F982E8C-BF30-40A2-82A6-EA79D9A9807B}.Debug|Any CPU.Build.0 = Debug|Any CPU
		{8F982E8C-BF30-40A2-82A6-EA79D9A9807B}.Release|Any CPU.ActiveCfg = Release|Any CPU
		{8F982E8C-BF30-40A2-82A6-EA79D9A9807B}.Release|Any CPU.Build.0 = Release|Any CPU
	EndGlobalSection
	GlobalSection(SolutionProperties) = preSolution
		HideSolutionNode = FALSE
	EndGlobalSection
	GlobalSection(ExtensibilityGlobals) = postSolution
		SolutionGuid = {EC09BB51-16C2-4524-9E6B-C4446DC72DC9}
	EndGlobalSection
EndGlobal
